{
  "name": "nodejs",
  "version": "1.0.0",
  "lockfileVersion": 2,
  "requires": true,
  "packages": {
    "": {
      "name": "nodejs",
      "version": "1.0.0",
      "license": "ISC",
      "dependencies": {
        "@dittolive/ditto": "^4.1.0",
        "typescript": "^4.9.4"
      }
    },
    "node_modules/@dittolive/ditto": {
      "version": "4.1.0",
      "resolved": "https://registry.npmjs.org/@dittolive/ditto/-/ditto-4.1.0.tgz",
      "integrity": "sha512-JZawbnCEWTLEXNseFWIUeec/s0i5uVvpGKpf0yfs5kMcZiEwpaIDte6GtYb8cZiUy6CvOR/CL+H2ad4V9z0+QQ==",
      "dependencies": {
        "cbor-redux": "^0.4.0"
      },
      "engines": {
        "node": ">=14"
      }
    },
    "node_modules/cbor-redux": {
      "version": "0.4.0",
      "resolved": "https://registry.npmjs.org/cbor-redux/-/cbor-redux-0.4.0.tgz",
      "integrity": "sha512-jP8BB9zF2uVTwbNXe7kRNIQRmKFMNKZcx0A+TCc6v3kJHoIKzKexQ+DjvXP/G5HuPF88myDdVE2grBOizsbMxg=="
    },
    "node_modules/typescript": {
      "version": "4.9.4",
      "resolved": "https://registry.npmjs.org/typescript/-/typescript-4.9.4.tgz",
      "integrity": "sha512-Uz+dTXYzxXXbsFpM86Wh3dKCxrQqUcVMxwU54orwlJjOpO3ao8L7j5lH+dWfTwgCwIuM9GQ2kvVotzYJMXTBZg==",
      "bin": {
        "tsc": "bin/tsc",
        "tsserver": "bin/tsserver"
      },
      "engines": {
        "node": ">=4.2.0"
      }
    }
  },
  "dependencies": {
    "@dittolive/ditto": {
      "version": "4.1.0",
      "resolved": "https://registry.npmjs.org/@dittolive/ditto/-/ditto-4.1.0.tgz",
      "integrity": "sha512-JZawbnCEWTLEXNseFWIUeec/s0i5uVvpGKpf0yfs5kMcZiEwpaIDte6GtYb8cZiUy6CvOR/CL+H2ad4V9z0+QQ==",
      "requires": {
        "cbor-redux": "^0.4.0"
      }
    },
    "cbor-redux": {
      "version": "0.4.0",
      "resolved": "https://registry.npmjs.org/cbor-redux/-/cbor-redux-0.4.0.tgz",
      "integrity": "sha512-jP8BB9zF2uVTwbNXe7kRNIQRmKFMNKZcx0A+TCc6v3kJHoIKzKexQ+DjvXP/G5HuPF88myDdVE2grBOizsbMxg=="
    },
    "typescript": {
      "version": "4.9.4",
      "resolved": "https://registry.npmjs.org/typescript/-/typescript-4.9.4.tgz",
      "integrity": "sha512-Uz+dTXYzxXXbsFpM86Wh3dKCxrQqUcVMxwU54orwlJjOpO3ao8L7j5lH+dWfTwgCwIuM9GQ2kvVotzYJMXTBZg=="
    }
  }
}
